{
  "name": "dovsky",
  "version": "2.0.0",
  "lockfileVersion": 3,
  "requires": true,
  "packages": {
    "": {
      "name": "dovsky",
      "version": "2.0.0",
      "license": "FSL-1.1-ALv2",
      "workspaces": [
        "apps/*",
        "packages/*"
      ],
      "engines": {
        "node": ">=24"
      }
    },
    "apps/cli": {
      "name": "@dovsky/cli",
      "version": "2.0.0",
      "license": "FSL-1.1-ALv2",
      "dependencies": {
        "tree-sitter": "0.21.1",
        "tree-sitter-javascript": "0.23.1",
        "tree-sitter-typescript": "0.23.2"
      }
    },
    "apps/daemon": {
      "name": "@dovsky/daemon",
      "version": "2.0.0",
      "license": "FSL-1.1-ALv2",
      "dependencies": {
        "@dovsky/protocol": "2.0.0"
      },
      "bin": {
        "dovskyd": "dist/main.js"
      },
      "devDependencies": {
        "@types/node": "^24.3.0",
        "typescript": "^5.9.2"
      }
    },
    "node_modules/@dovsky/cli": {
      "resolved": "apps/cli",
      "link": true
    },
    "node_modules/@dovsky/daemon": {
      "resolved": "apps/daemon",
      "link": true
    },
    "node_modules/@dovsky/legacy-import": {
      "resolved": "packages/legacy-import",
      "link": true
    },
    "node_modules/@dovsky/protocol": {
      "resolved": "packages/protocol",
      "link": true
    },
    "node_modules/@types/node": {
      "version": "24.13.3",
      "resolved": "https://registry.npmjs.org/@types/node/-/node-24.13.3.tgz",
      "integrity": "sha512-Dh8vAsV36ig5wa9OX4pXvMc9D3Veibfw2wix0CUwYODLD8nkj9UsLjASr49nPg+2eKzxhBV+v7L8pXvT4e639Q==",
      "dev": true,
      "license": "MIT",
      "dependencies": {
        "undici-types": "~7.18.0"
      }
    },
    "node_modules/node-addon-api": {
      "version": "8.9.2",
      "resolved": "https://registry.npmjs.org/node-addon-api/-/node-addon-api-8.9.2.tgz",
      "integrity": "sha512-VijLXbi3UACN69I0JVXJsX4tjACjNoQDgv2gTF6sx2wWEi8tkSg2eX8p5gSIFi8z2+DL3oHmY6OyKce38SDolg==",
      "license": "MIT",
      "engines": {
        "node": "^18 || ^20 || >= 21"
      }
    },
    "node_modules/node-gyp-build": {
      "version": "4.8.4",
      "resolved": "https://registry.npmjs.org/node-gyp-build/-/node-gyp-build-4.8.4.tgz",
      "integrity": "sha512-LA4ZjwlnUblHVgq0oBF3Jl/6h/Nvs5fzBLwdEF4nuxnFdsfajde4WfxtJr3CaiH+F6ewcIB/q4jQ4UzPyid+CQ==",
      "license": "MIT",
      "bin": {
        "node-gyp-build": "bin.js",
        "node-gyp-build-optional": "optional.js",
        "node-gyp-build-test": "build-test.js"
      }
    },
    "node_modules/tree-sitter": {
      "version": "0.21.1",
      "resolved": "https://registry.npmjs.org/tree-sitter/-/tree-sitter-0.21.1.tgz",
      "integrity": "sha512-7dxoA6kYvtgWw80265MyqJlkRl4yawIjO7S5MigytjELkX43fV2WsAXzsNfO7sBpPPCF5Gp0+XzHk0DwLCq3xQ==",
      "hasInstallScript": true,
      "license": "MIT",
      "dependencies": {
        "node-addon-api": "^8.0.0",
        "node-gyp-build": "^4.8.0"
      }
    },
    "node_modules/tree-sitter-javascript": {
      "version": "0.23.1",
      "resolved": "https://registry.npmjs.org/tree-sitter-javascript/-/tree-sitter-javascript-0.23.1.tgz",
      "integrity": "sha512-/bnhbrTD9frUYHQTiYnPcxyHORIw157ERBa6dqzaKxvR/x3PC4Yzd+D1pZIMS6zNg2v3a8BZ0oK7jHqsQo9fWA==",
      "hasInstallScript": true,
      "license": "MIT",
      "dependencies": {
        "node-addon-api": "^8.2.2",
        "node-gyp-build": "^4.8.2"
      },
      "peerDependencies": {
        "tree-sitter": "^0.21.1"
      },
      "peerDependenciesMeta": {
        "tree-sitter": {
          "optional": true
        }
      }
    },
    "node_modules/tree-sitter-typescript": {
      "version": "0.23.2",
      "resolved": "https://registry.npmjs.org/tree-sitter-typescript/-/tree-sitter-typescript-0.23.2.tgz",
      "integrity": "sha512-e04JUUKxTT53/x3Uq1zIL45DoYKVfHH4CZqwgZhPg5qYROl5nQjV+85ruFzFGZxu+QeFVbRTPDRnqL9UbU4VeA==",
      "hasInstallScript": true,
      "license": "MIT",
      "dependencies": {
        "node-addon-api": "^8.2.2",
        "node-gyp-build": "^4.8.2",
        "tree-sitter-javascript": "^0.23.1"
      },
      "peerDependencies": {
        "tree-sitter": "^0.21.0"
      },
      "peerDependenciesMeta": {
        "tree-sitter": {
          "optional": true
        }
      }
    },
    "node_modules/typescript": {
      "version": "5.9.3",
      "dev": true,
      "license": "Apache-2.0",
      "bin": {
        "tsc": "bin/tsc",
        "tsserver": "bin/tsserver"
      },
      "engines": {
        "node": ">=14.17"
      }
    },
    "node_modules/undici-types": {
      "version": "7.18.2",
      "resolved": "https://registry.npmjs.org/undici-types/-/undici-types-7.18.2.tgz",
      "integrity": "sha512-AsuCzffGHJybSaRrmr5eHr81mwJU3kjw6M+uprWvCXiNeN9SOGwQ3Jn8jb8m3Z6izVgknn1R0FTCEAP2QrLY/w==",
      "dev": true,
      "license": "MIT"
    },
    "packages/legacy-import": {
      "name": "@dovsky/legacy-import",
      "version": "2.0.0",
      "license": "FSL-1.1-ALv2",
      "dependencies": {
        "@dovsky/protocol": "2.0.0"
      },
      "bin": {
        "dovsky-import-legacy": "dist/cli.js"
      },
      "devDependencies": {
        "@types/node": "^24.3.0",
        "typescript": "^5.9.2"
      }
    },
    "packages/protocol": {
      "name": "@dovsky/protocol",
      "version": "2.0.0",
      "license": "FSL-1.1-ALv2",
      "devDependencies": {
        "@types/node": "^24.3.0",
        "typescript": "^5.9.2"
      }
    }
  }
}
